
Microsoft Visual Studio Solution File, Format Version 12.00
# Visual Studio Version 17
VisualStudioVersion = 17.4.33103.184
MinimumVisualStudioVersion = 10.0.40219.1
Project("{888888A0-9F3D-457C-B088-3A5042F75D52}") = "DecryptNeuronApp", "DecryptNeuronApp\DecryptNeuronApp.pyproj", "{4AFB5371-EDD8-4A16-8859-00B9A1BB3F67}"
EndProject
Global
	GlobalSection(SolutionConfigurationPlatforms) = preSolution
		Debug|Any CPU = Debug|Any CPU
		Release|Any CPU = Release|Any CPU
	EndGlobalSection
	GlobalSection(ProjectConfigurationPlatforms) = postSolution
		{4AFB5371-EDD8-4A16-8859-00B9A1BB3F67}.Debug|Any CPU.ActiveCfg = Debug|Any CPU
		{4AFB5371-EDD8-4A16-8859-00B9A1BB3F67}.Release|Any CPU.ActiveCfg = Release|Any CPU
	EndGlobalSection
	GlobalSection(SolutionProperties) = preSolution
		HideSolutionNode = FALSE
	EndGlobalSection
	GlobalSection(ExtensibilityGlobals) = postSolution
		SolutionGuid = {D50F876D-E27B-49C7-A720-F6D9A0C32781}
	EndGlobalSection
EndGlobal
